
Microsoft Visual Studio Solution File, Format Version 12.00
# Visual Studio Version 16
VisualStudioVersion = 16.0.31729.503
MinimumVisualStudioVersion = 10.0.40219.1
Project("{FAE04EC0-301F-11D3-BF4B-00C04F79EFBC}") = "Morix Log", "Morix Log\Morix Log.csproj", "{C5AA425A-D988-44D3-8622-FDEE10103B10}"
EndProject
Project("{FAE04EC0-301F-11D3-BF4B-00C04F79EFBC}") = "Morix Log Tests", "Morix Log Tests\Morix Log Tests.csproj", "{8E5447FF-C9A5-4D3A-B3BD-33DAF3ECC8A4}"
EndProject
Global
	GlobalSection(SolutionConfigurationPlatforms) = preSolution
		Debug|Any CPU = Debug|Any CPU
		Release|Any CPU = Release|Any CPU
	EndGlobalSection
	GlobalSection(ProjectConfigurationPlatforms) = postSolution
		{C5AA425A-D988-44D3-8622-FDEE10103B10}.Debug|Any CPU.ActiveCfg = Debug|Any CPU
		{C5AA425A-D988-44D3-8622-FDEE10103B10}.Debug|Any CPU.Build.0 = Debug|Any CPU
		{C5AA425A-D988-44D3-8622-FDEE10103B10}.Release|Any CPU.ActiveCfg = Release|Any CPU
		{C5AA425A-D988-44D3-8622-FDEE10103B10}.Release|Any CPU.Build.0 = Release|Any CPU
		{8E5447FF-C9A5-4D3A-B3BD-33DAF3ECC8A4}.Debug|Any CPU.ActiveCfg = Debug|Any CPU
		{8E5447FF-C9A5-4D3A-B3BD-33DAF3ECC8A4}.Debug|Any CPU.Build.0 = Debug|Any CPU
		{8E5447FF-C9A5-4D3A-B3BD-33DAF3ECC8A4}.Release|Any CPU.ActiveCfg = Release|Any CPU
		{8E5447FF-C9A5-4D3A-B3BD-33DAF3ECC8A4}.Release|Any CPU.Build.0 = Release|Any CPU
	EndGlobalSection
	GlobalSection(SolutionProperties) = preSolution
		HideSolutionNode = FALSE
	EndGlobalSection
	GlobalSection(ExtensibilityGlobals) = postSolution
		SolutionGuid = {4A4A0E13-9040-432F-959E-E28EFEA57AD9}
	EndGlobalSection
EndGlobal
